PODS:
  - SweetSugar (1.0.1)
  - Vega (0.1.0):
    - SweetSugar (>= 1.0.1)

DEPENDENCIES:
  - SweetSugar (from `https://github.com/alexwind-lin/SweetSugar.git`)
  - Vega (from `../`)

EXTERNAL SOURCES:
  SweetSugar:
    :git: https://github.com/alexwind-lin/SweetSugar.git
  Vega:
    :path: "../"

CHECKOUT OPTIONS:
  SweetSugar:
    :commit: f1d9980f5d1532a7e3fe36880b4b290dec30e071
    :git: https://github.com/alexwind-lin/SweetSugar.git

SPEC CHECKSUMS:
  SweetSugar: 6fe7fbbe970ede6939ff0b5f7783eb0cbcae00c1
  Vega: 2ae00bab7c203f3558a29347ea3fef223603a9ab

PODFILE CHECKSUM: c5730955671075a0b50776e3353e6715a7b62c58

COCOAPODS: 1.9.1
