PODS:
  - SweetSugar (1.0.0)
  - Vega (0.1.0):
    - SweetSugar

DEPENDENCIES:
  - SweetSugar (from `https://github.com/alexwind-lin/SweetSugar.git`)
  - Vega (from `../`)

EXTERNAL SOURCES:
  SweetSugar:
    :git: https://github.com/alexwind-lin/SweetSugar.git
  Vega:
    :path: "../"

CHECKOUT OPTIONS:
  SweetSugar:
    :commit: 82a860957c74bd40532636975b6f76a397f510f4
    :git: https://github.com/alexwind-lin/SweetSugar.git

SPEC CHECKSUMS:
  SweetSugar: ae65d779425de2a94c869b11c8ea57392bc0bc58
  Vega: d7de05425dafb3fb086bfe5f1497bbf6b2bf53bb

PODFILE CHECKSUM: c5730955671075a0b50776e3353e6715a7b62c58

COCOAPODS: 1.9.1
